
Microsoft Visual Studio Solution File, Format Version 12.00
# Visual Studio Version 17
VisualStudioVersion = 17.9.34607.119
MinimumVisualStudioVersion = 10.0.40219.1
Project("{8BC9CEB8-8B4A-11D0-8D11-00A0C91BC942}") = "Komis_samochodowy", "Komis_samochodowy\Komis_samochodowy.vcxproj", "{9F4B0B34-705E-4A32-9999-E93D54B387D6}"
EndProject
Global
	GlobalSection(SolutionConfigurationPlatforms) = preSolution
		Debug|x64 = Debug|x64
		Debug|x86 = Debug|x86
		Release|x64 = Release|x64
		Release|x86 = Release|x86
	EndGlobalSection
	GlobalSection(ProjectConfigurationPlatforms) = postSolution
		{9F4B0B34-705E-4A32-9999-E93D54B387D6}.Debug|x64.ActiveCfg = Debug|x64
		{9F4B0B34-705E-4A32-9999-E93D54B387D6}.Debug|x64.Build.0 = Debug|x64
		{9F4B0B34-705E-4A32-9999-E93D54B387D6}.Debug|x86.ActiveCfg = Debug|Win32
		{9F4B0B34-705E-4A32-9999-E93D54B387D6}.Debug|x86.Build.0 = Debug|Win32
		{9F4B0B34-705E-4A32-9999-E93D54B387D6}.Release|x64.ActiveCfg = Release|x64
		{9F4B0B34-705E-4A32-9999-E93D54B387D6}.Release|x64.Build.0 = Release|x64
		{9F4B0B34-705E-4A32-9999-E93D54B387D6}.Release|x86.ActiveCfg = Release|Win32
		{9F4B0B34-705E-4A32-9999-E93D54B387D6}.Release|x86.Build.0 = Release|Win32
	EndGlobalSection
	GlobalSection(SolutionProperties) = preSolution
		HideSolutionNode = FALSE
	EndGlobalSection
	GlobalSection(ExtensibilityGlobals) = postSolution
		SolutionGuid = {CA09D32F-466B-4B59-AC39-75458E41D8B2}
	EndGlobalSection
EndGlobal
